// !$*UTF8*$!
{
	archiveVersion = 1;
	classes = {
	};
	objectVersion = 56;
	objects = {

/* Begin PBXBuildFile section */
		AD1ADAA72B637C9300175CCB /* HabitApp.swift in Sources */ = {isa = PBXBuildFile; fileRef = AD1ADAA62B637C9300175CCB /* HabitApp.swift */; };
		AD1ADAAB2B637C9400175CCB /* Assets.xcassets in Resources */ = {isa = PBXBuildFile; fileRef = AD1ADAAA2B637C9400175CCB /* Assets.xcassets */; };
		AD1ADAAE2B637C9400175CCB /* Preview Assets.xcassets in Resources */ = {isa = PBXBuildFile; fileRef = AD1ADAAD2B637C9400175CCB /* Preview Assets.xcassets */; };
		AD1ADAB82B637DF400175CCB /* SplashView.swift in Sources */ = {isa = PBXBuildFile; fileRef = AD1ADAB72B637DF400175CCB /* SplashView.swift */; };
		AD1ADABA2B63801F00175CCB /* SplashUIState.swift in Sources */ = {isa = PBXBuildFile; fileRef = AD1ADAB92B63801F00175CCB /* SplashUIState.swift */; };
		AD2823AC2B93C8EA004AC8F3 /* SignUpRequest.swift in Sources */ = {isa = PBXBuildFile; fileRef = AD2823AB2B93C8EA004AC8F3 /* SignUpRequest.swift */; };
		AD30FA2E2B6890E900A003F2 /* SignInUIState.swift in Sources */ = {isa = PBXBuildFile; fileRef = AD30FA2D2B6890E900A003F2 /* SignInUIState.swift */; };
		AD30FA302B68912500A003F2 /* SignInView.swift in Sources */ = {isa = PBXBuildFile; fileRef = AD30FA2F2B68912400A003F2 /* SignInView.swift */; };
		AD30FA322B68913F00A003F2 /* SignInViewModel.swift in Sources */ = {isa = PBXBuildFile; fileRef = AD30FA312B68913F00A003F2 /* SignInViewModel.swift */; };
		AD30FA342B68937A00A003F2 /* SplashViewRouter.swift in Sources */ = {isa = PBXBuildFile; fileRef = AD30FA332B68937A00A003F2 /* SplashViewRouter.swift */; };
		AD30FA3B2B6895E400A003F2 /* SignUpView.swift in Sources */ = {isa = PBXBuildFile; fileRef = AD30FA3A2B6895E400A003F2 /* SignUpView.swift */; };
		AD30FA3D2B68962B00A003F2 /* SignUpViewModel.swift in Sources */ = {isa = PBXBuildFile; fileRef = AD30FA3C2B68962B00A003F2 /* SignUpViewModel.swift */; };
		AD30FA432B68A5B300A003F2 /* HomeView.swift in Sources */ = {isa = PBXBuildFile; fileRef = AD30FA422B68A5B300A003F2 /* HomeView.swift */; };
		AD30FA452B68A5E200A003F2 /* HomeViewModel.swift in Sources */ = {isa = PBXBuildFile; fileRef = AD30FA442B68A5E200A003F2 /* HomeViewModel.swift */; };
		AD3AA9652B88728F0054A06A /* EditFieldView.swift in Sources */ = {isa = PBXBuildFile; fileRef = AD3AA9642B88728F0054A06A /* EditFieldView.swift */; };
		AD3AA9672B8875560054A06A /* SignInViewStateValidate.swift in Sources */ = {isa = PBXBuildFile; fileRef = AD3AA9662B8875560054A06A /* SignInViewStateValidate.swift */; };
		AD3AA96B2B8879070054A06A /* SignUpViewStateValidate.swift in Sources */ = {isa = PBXBuildFile; fileRef = AD3AA96A2B8879070054A06A /* SignUpViewStateValidate.swift */; };
		AD568BEF2BA822AB0005B0BD /* SignUpInteractor.swift in Sources */ = {isa = PBXBuildFile; fileRef = AD568BEE2BA822AB0005B0BD /* SignUpInteractor.swift */; };
		AD568BF12BA822BD0005B0BD /* SignUpRemoteDataSource.swift in Sources */ = {isa = PBXBuildFile; fileRef = AD568BF02BA822BD0005B0BD /* SignUpRemoteDataSource.swift */; };
		AD63F19B2B787A0E00EE97A7 /* SignUpUIState.swift in Sources */ = {isa = PBXBuildFile; fileRef = AD63F19A2B787A0E00EE97A7 /* SignUpUIState.swift */; };
		AD65AD562B8BF9E400A9BC3D /* EditFieldStyle.swift in Sources */ = {isa = PBXBuildFile; fileRef = AD65AD552B8BF9E400A9BC3D /* EditFieldStyle.swift */; };
		AD77D1862B662212002FDADF /* SplashViewModel.swift in Sources */ = {isa = PBXBuildFile; fileRef = AD77D1852B662212002FDADF /* SplashViewModel.swift */; };
		AD86ADE02B9821210090D72C /* SignUpResponse.swift in Sources */ = {isa = PBXBuildFile; fileRef = AD86ADDF2B9821210090D72C /* SignUpResponse.swift */; };
		AD86ADE22B9824D50090D72C /* ErrorResponse.swift in Sources */ = {isa = PBXBuildFile; fileRef = AD86ADE12B9824D50090D72C /* ErrorResponse.swift */; };
		AD9A0C5A2B9179010083F907 /* WebServices.swift in Sources */ = {isa = PBXBuildFile; fileRef = AD9A0C592B9179010083F907 /* WebServices.swift */; };
		ADAF0EF62B7353F400E582E1 /* SignInViewRouter.swift in Sources */ = {isa = PBXBuildFile; fileRef = ADAF0EF52B7353F400E582E1 /* SignInViewRouter.swift */; };
		ADC8BC782B75FA5700E97817 /* Gender.swift in Sources */ = {isa = PBXBuildFile; fileRef = ADC8BC772B75FA5700E97817 /* Gender.swift */; };
		ADD632612B89CCC200B9F685 /* LoadingButtonView.swift in Sources */ = {isa = PBXBuildFile; fileRef = ADD632602B89CCC200B9F685 /* LoadingButtonView.swift */; };
		ADD68F8E2B8F105200CCAB1E /* createImageIcon.swift in Sources */ = {isa = PBXBuildFile; fileRef = ADD68F8D2B8F105200CCAB1E /* createImageIcon.swift */; };
		ADE2CFED2BA812AA0041E537 /* SignInInteractor.swift in Sources */ = {isa = PBXBuildFile; fileRef = ADE2CFEC2BA812AA0041E537 /* SignInInteractor.swift */; };
		ADE2CFEF2BA814BA0041E537 /* SignInRemoteDataSource.swift in Sources */ = {isa = PBXBuildFile; fileRef = ADE2CFEE2BA814BA0041E537 /* SignInRemoteDataSource.swift */; };
		ADE2CFF12BA819640041E537 /* AppError.swift in Sources */ = {isa = PBXBuildFile; fileRef = ADE2CFF02BA819640041E537 /* AppError.swift */; };
		ADE976012B96B1F500FA2D36 /* SignInRequest.swift in Sources */ = {isa = PBXBuildFile; fileRef = ADE976002B96B1F500FA2D36 /* SignInRequest.swift */; };
		ADF53C652B9ACE8700A5A157 /* SignInResponse.swift in Sources */ = {isa = PBXBuildFile; fileRef = ADF53C642B9ACE8700A5A157 /* SignInResponse.swift */; };
/* End PBXBuildFile section */

/* Begin PBXFileReference section */
		AD1ADAA32B637C9300175CCB /* Habit.app */ = {isa = PBXFileReference; explicitFileType = wrapper.application; includeInIndex = 0; path = Habit.app; sourceTree = BUILT_PRODUCTS_DIR; };
		AD1ADAA62B637C9300175CCB /* HabitApp.swift */ = {isa = PBXFileReference; lastKnownFileType = sourcecode.swift; path = HabitApp.swift; sourceTree = "<group>"; };
		AD1ADAAA2B637C9400175CCB /* Assets.xcassets */ = {isa = PBXFileReference; lastKnownFileType = folder.assetcatalog; path = Assets.xcassets; sourceTree = "<group>"; };
		AD1ADAAD2B637C9400175CCB /* Preview Assets.xcassets */ = {isa = PBXFileReference; lastKnownFileType = folder.assetcatalog; path = "Preview Assets.xcassets"; sourceTree = "<group>"; };
		AD1ADAB72B637DF400175CCB /* SplashView.swift */ = {isa = PBXFileReference; lastKnownFileType = sourcecode.swift; path = SplashView.swift; sourceTree = "<group>"; };
		AD1ADAB92B63801F00175CCB /* SplashUIState.swift */ = {isa = PBXFileReference; lastKnownFileType = sourcecode.swift; path = SplashUIState.swift; sourceTree = "<group>"; };
		AD2823AB2B93C8EA004AC8F3 /* SignUpRequest.swift */ = {isa = PBXFileReference; lastKnownFileType = sourcecode.swift; path = SignUpRequest.swift; sourceTree = "<group>"; };
		AD30FA2D2B6890E900A003F2 /* SignInUIState.swift */ = {isa = PBXFileReference; lastKnownFileType = sourcecode.swift; path = SignInUIState.swift; sourceTree = "<group>"; };
		AD30FA2F2B68912400A003F2 /* SignInView.swift */ = {isa = PBXFileReference; lastKnownFileType = sourcecode.swift; path = SignInView.swift; sourceTree = "<group>"; };
		AD30FA312B68913F00A003F2 /* SignInViewModel.swift */ = {isa = PBXFileReference; lastKnownFileType = sourcecode.swift; path = SignInViewModel.swift; sourceTree = "<group>"; };
		AD30FA332B68937A00A003F2 /* SplashViewRouter.swift */ = {isa = PBXFileReference; lastKnownFileType = sourcecode.swift; path = SplashViewRouter.swift; sourceTree = "<group>"; };
		AD30FA3A2B6895E400A003F2 /* SignUpView.swift */ = {isa = PBXFileReference; lastKnownFileType = sourcecode.swift; path = SignUpView.swift; sourceTree = "<group>"; };
		AD30FA3C2B68962B00A003F2 /* SignUpViewModel.swift */ = {isa = PBXFileReference; lastKnownFileType = sourcecode.swift; path = SignUpViewModel.swift; sourceTree = "<group>"; };
		AD30FA422B68A5B300A003F2 /* HomeView.swift */ = {isa = PBXFileReference; lastKnownFileType = sourcecode.swift; path = HomeView.swift; sourceTree = "<group>"; };
		AD30FA442B68A5E200A003F2 /* HomeViewModel.swift */ = {isa = PBXFileReference; lastKnownFileType = sourcecode.swift; path = HomeViewModel.swift; sourceTree = "<group>"; };
		AD3AA9642B88728F0054A06A /* EditFieldView.swift */ = {isa = PBXFileReference; lastKnownFileType = sourcecode.swift; path = EditFieldView.swift; sourceTree = "<group>"; };
		AD3AA9662B8875560054A06A /* SignInViewStateValidate.swift */ = {isa = PBXFileReference; lastKnownFileType = sourcecode.swift; path = SignInViewStateValidate.swift; sourceTree = "<group>"; };
		AD3AA96A2B8879070054A06A /* SignUpViewStateValidate.swift */ = {isa = PBXFileReference; lastKnownFileType = sourcecode.swift; path = SignUpViewStateValidate.swift; sourceTree = "<group>"; };
		AD568BEE2BA822AB0005B0BD /* SignUpInteractor.swift */ = {isa = PBXFileReference; lastKnownFileType = sourcecode.swift; path = SignUpInteractor.swift; sourceTree = "<group>"; };
		AD568BF02BA822BD0005B0BD /* SignUpRemoteDataSource.swift */ = {isa = PBXFileReference; lastKnownFileType = sourcecode.swift; path = SignUpRemoteDataSource.swift; sourceTree = "<group>"; };
		AD63F19A2B787A0E00EE97A7 /* SignUpUIState.swift */ = {isa = PBXFileReference; lastKnownFileType = sourcecode.swift; path = SignUpUIState.swift; sourceTree = "<group>"; };
		AD65AD552B8BF9E400A9BC3D /* EditFieldStyle.swift */ = {isa = PBXFileReference; lastKnownFileType = sourcecode.swift; path = EditFieldStyle.swift; sourceTree = "<group>"; };
		AD77D1852B662212002FDADF /* SplashViewModel.swift */ = {isa = PBXFileReference; lastKnownFileType = sourcecode.swift; path = SplashViewModel.swift; sourceTree = "<group>"; };
		AD86ADDF2B9821210090D72C /* SignUpResponse.swift */ = {isa = PBXFileReference; lastKnownFileType = sourcecode.swift; path = SignUpResponse.swift; sourceTree = "<group>"; };
		AD86ADE12B9824D50090D72C /* ErrorResponse.swift */ = {isa = PBXFileReference; lastKnownFileType = sourcecode.swift; path = ErrorResponse.swift; sourceTree = "<group>"; };
		AD9A0C592B9179010083F907 /* WebServices.swift */ = {isa = PBXFileReference; lastKnownFileType = sourcecode.swift; path = WebServices.swift; sourceTree = "<group>"; };
		ADAF0EF52B7353F400E582E1 /* SignInViewRouter.swift */ = {isa = PBXFileReference; lastKnownFileType = sourcecode.swift; path = SignInViewRouter.swift; sourceTree = "<group>"; };
		ADC8BC772B75FA5700E97817 /* Gender.swift */ = {isa = PBXFileReference; lastKnownFileType = sourcecode.swift; path = Gender.swift; sourceTree = "<group>"; };
		ADD632602B89CCC200B9F685 /* LoadingButtonView.swift */ = {isa = PBXFileReference; lastKnownFileType = sourcecode.swift; path = LoadingButtonView.swift; sourceTree = "<group>"; };
		ADD68F8D2B8F105200CCAB1E /* createImageIcon.swift */ = {isa = PBXFileReference; lastKnownFileType = sourcecode.swift; path = createImageIcon.swift; sourceTree = "<group>"; };
		ADE2CFEC2BA812AA0041E537 /* SignInInteractor.swift */ = {isa = PBXFileReference; lastKnownFileType = sourcecode.swift; path = SignInInteractor.swift; sourceTree = "<group>"; };
		ADE2CFEE2BA814BA0041E537 /* SignInRemoteDataSource.swift */ = {isa = PBXFileReference; lastKnownFileType = sourcecode.swift; path = SignInRemoteDataSource.swift; sourceTree = "<group>"; };
		ADE2CFF02BA819640041E537 /* AppError.swift */ = {isa = PBXFileReference; lastKnownFileType = sourcecode.swift; path = AppError.swift; sourceTree = "<group>"; };
		ADE976002B96B1F500FA2D36 /* SignInRequest.swift */ = {isa = PBXFileReference; lastKnownFileType = sourcecode.swift; path = SignInRequest.swift; sourceTree = "<group>"; };
		ADF53C642B9ACE8700A5A157 /* SignInResponse.swift */ = {isa = PBXFileReference; lastKnownFileType = sourcecode.swift; path = SignInResponse.swift; sourceTree = "<group>"; };
/* End PBXFileReference section */

/* Begin PBXFrameworksBuildPhase section */
		AD1ADAA02B637C9300175CCB /* Frameworks */ = {
			isa = PBXFrameworksBuildPhase;
			buildActionMask = 2147483647;
			files = (
			);
			runOnlyForDeploymentPostprocessing = 0;
		};
/* End PBXFrameworksBuildPhase section */

/* Begin PBXGroup section */
		AD1ADA9A2B637C9300175CCB = {
			isa = PBXGroup;
			children = (
				AD1ADAA52B637C9300175CCB /* Habit */,
				AD1ADAA42B637C9300175CCB /* Products */,
			);
			sourceTree = "<group>";
		};
		AD1ADAA42B637C9300175CCB /* Products */ = {
			isa = PBXGroup;
			children = (
				AD1ADAA32B637C9300175CCB /* Habit.app */,
			);
			name = Products;
			sourceTree = "<group>";
		};
		AD1ADAA52B637C9300175CCB /* Habit */ = {
			isa = PBXGroup;
			children = (
				ADAF0EF72B735D5700E582E1 /* Common */,
				AD1ADAB42B637D9D00175CCB /* Splash */,
				AD30FA3E2B68A57800A003F2 /* Home */,
				AD30FA292B68909300A003F2 /* SignIn */,
				AD30FA362B6895A900A003F2 /* SignUp */,
				AD1ADAA62B637C9300175CCB /* HabitApp.swift */,
				AD1ADAAA2B637C9400175CCB /* Assets.xcassets */,
				AD1ADAAC2B637C9400175CCB /* Preview Content */,
			);
			path = Habit;
			sourceTree = "<group>";
		};
		AD1ADAAC2B637C9400175CCB /* Preview Content */ = {
			isa = PBXGroup;
			children = (
				AD1ADAAD2B637C9400175CCB /* Preview Assets.xcassets */,
			);
			path = "Preview Content";
			sourceTree = "<group>";
		};
		AD1ADAB42B637D9D00175CCB /* Splash */ = {
			isa = PBXGroup;
			children = (
				AD1ADAB52B637DAA00175CCB /* Model */,
				AD1ADAB62B637DC400175CCB /* View */,
				AD77D1842B6620E9002FDADF /* ViewModel */,
			);
			path = Splash;
			sourceTree = "<group>";
		};
		AD1ADAB52B637DAA00175CCB /* Model */ = {
			isa = PBXGroup;
			children = (
				AD1ADAB92B63801F00175CCB /* SplashUIState.swift */,
			);
			path = Model;
			sourceTree = "<group>";
		};
		AD1ADAB62B637DC400175CCB /* View */ = {
			isa = PBXGroup;
			children = (
				AD1ADAB72B637DF400175CCB /* SplashView.swift */,
			);
			path = View;
			sourceTree = "<group>";
		};
		AD30FA292B68909300A003F2 /* SignIn */ = {
			isa = PBXGroup;
			children = (
				ADE2CFEB2BA8128B0041E537 /* Interactor */,
				AD30FA2C2B6890C700A003F2 /* Model */,
				AD30FA2B2B6890BB00A003F2 /* View */,
				AD30FA2A2B6890B100A003F2 /* ViewModel */,
			);
			path = SignIn;
			sourceTree = "<group>";
		};
		AD30FA2A2B6890B100A003F2 /* ViewModel */ = {
			isa = PBXGroup;
			children = (
				AD30FA312B68913F00A003F2 /* SignInViewModel.swift */,
				ADAF0EF52B7353F400E582E1 /* SignInViewRouter.swift */,
				AD3AA9662B8875560054A06A /* SignInViewStateValidate.swift */,
				ADF53C642B9ACE8700A5A157 /* SignInResponse.swift */,
			);
			path = ViewModel;
			sourceTree = "<group>";
		};
		AD30FA2B2B6890BB00A003F2 /* View */ = {
			isa = PBXGroup;
			children = (
				AD30FA2F2B68912400A003F2 /* SignInView.swift */,
			);
			path = View;
			sourceTree = "<group>";
		};
		AD30FA2C2B6890C700A003F2 /* Model */ = {
			isa = PBXGroup;
			children = (
				AD30FA2D2B6890E900A003F2 /* SignInUIState.swift */,
				ADE976002B96B1F500FA2D36 /* SignInRequest.swift */,
			);
			path = Model;
			sourceTree = "<group>";
		};
		AD30FA362B6895A900A003F2 /* SignUp */ = {
			isa = PBXGroup;
			children = (
				AD568BED2BA8227E0005B0BD /* Interactor */,
				AD30FA392B6895C700A003F2 /* Model */,
				AD30FA382B6895BE00A003F2 /* View */,
				AD30FA372B6895B600A003F2 /* ViewModel */,
			);
			path = SignUp;
			sourceTree = "<group>";
		};
		AD30FA372B6895B600A003F2 /* ViewModel */ = {
			isa = PBXGroup;
			children = (
				AD30FA3C2B68962B00A003F2 /* SignUpViewModel.swift */,
				AD3AA96A2B8879070054A06A /* SignUpViewStateValidate.swift */,
			);
			path = ViewModel;
			sourceTree = "<group>";
		};
		AD30FA382B6895BE00A003F2 /* View */ = {
			isa = PBXGroup;
			children = (
				AD30FA3A2B6895E400A003F2 /* SignUpView.swift */,
			);
			path = View;
			sourceTree = "<group>";
		};
		AD30FA392B6895C700A003F2 /* Model */ = {
			isa = PBXGroup;
			children = (
				AD63F19A2B787A0E00EE97A7 /* SignUpUIState.swift */,
				AD2823AB2B93C8EA004AC8F3 /* SignUpRequest.swift */,
				AD86ADDF2B9821210090D72C /* SignUpResponse.swift */,
			);
			path = Model;
			sourceTree = "<group>";
		};
		AD30FA3E2B68A57800A003F2 /* Home */ = {
			isa = PBXGroup;
			children = (
				AD30FA412B68A59D00A003F2 /* Model */,
				AD30FA402B68A59500A003F2 /* View */,
				AD30FA3F2B68A58900A003F2 /* ViewModel */,
			);
			path = Home;
			sourceTree = "<group>";
		};
		AD30FA3F2B68A58900A003F2 /* ViewModel */ = {
			isa = PBXGroup;
			children = (
				AD30FA442B68A5E200A003F2 /* HomeViewModel.swift */,
			);
			path = ViewModel;
			sourceTree = "<group>";
		};
		AD30FA402B68A59500A003F2 /* View */ = {
			isa = PBXGroup;
			children = (
				AD30FA422B68A5B300A003F2 /* HomeView.swift */,
			);
			path = View;
			sourceTree = "<group>";
		};
		AD30FA412B68A59D00A003F2 /* Model */ = {
			isa = PBXGroup;
			children = (
			);
			path = Model;
			sourceTree = "<group>";
		};
		AD518FF22B746C9E00C253B5 /* View */ = {
			isa = PBXGroup;
			children = (
				AD65AD542B8BF9AD00A9BC3D /* Style */,
				ADD68F8D2B8F105200CCAB1E /* createImageIcon.swift */,
				AD3AA9642B88728F0054A06A /* EditFieldView.swift */,
				ADD632602B89CCC200B9F685 /* LoadingButtonView.swift */,
			);
			path = View;
			sourceTree = "<group>";
		};
		AD568BED2BA8227E0005B0BD /* Interactor */ = {
			isa = PBXGroup;
			children = (
				AD568BEE2BA822AB0005B0BD /* SignUpInteractor.swift */,
				AD568BF02BA822BD0005B0BD /* SignUpRemoteDataSource.swift */,
			);
			path = Interactor;
			sourceTree = "<group>";
		};
		AD65AD542B8BF9AD00A9BC3D /* Style */ = {
			isa = PBXGroup;
			children = (
				AD65AD552B8BF9E400A9BC3D /* EditFieldStyle.swift */,
			);
			path = Style;
			sourceTree = "<group>";
		};
		AD77D1842B6620E9002FDADF /* ViewModel */ = {
			isa = PBXGroup;
			children = (
				AD77D1852B662212002FDADF /* SplashViewModel.swift */,
				AD30FA332B68937A00A003F2 /* SplashViewRouter.swift */,
			);
			path = ViewModel;
			sourceTree = "<group>";
		};
		AD9A0C582B9178DD0083F907 /* Network */ = {
			isa = PBXGroup;
			children = (
				AD9A0C592B9179010083F907 /* WebServices.swift */,
			);
			path = Network;
			sourceTree = "<group>";
		};
		ADAF0EF72B735D5700E582E1 /* Common */ = {
			isa = PBXGroup;
			children = (
				AD9A0C582B9178DD0083F907 /* Network */,
				ADC8BC762B75FA4300E97817 /* Model */,
				AD518FF22B746C9E00C253B5 /* View */,
			);
			path = Common;
			sourceTree = "<group>";
		};
		ADC8BC762B75FA4300E97817 /* Model */ = {
			isa = PBXGroup;
			children = (
				ADC8BC772B75FA5700E97817 /* Gender.swift */,
				AD86ADE12B9824D50090D72C /* ErrorResponse.swift */,
				ADE2CFF02BA819640041E537 /* AppError.swift */,
			);
			path = Model;
			sourceTree = "<group>";
		};
		ADE2CFEB2BA8128B0041E537 /* Interactor */ = {
			isa = PBXGroup;
			children = (
				ADE2CFEC2BA812AA0041E537 /* SignInInteractor.swift */,
				ADE2CFEE2BA814BA0041E537 /* SignInRemoteDataSource.swift */,
			);
			path = Interactor;
			sourceTree = "<group>";
		};
/* End PBXGroup section */

/* Begin PBXNativeTarget section */
		AD1ADAA22B637C9300175CCB /* Habit */ = {
			isa = PBXNativeTarget;
			buildConfigurationList = AD1ADAB12B637C9400175CCB /* Build configuration list for PBXNativeTarget "Habit" */;
			buildPhases = (
				AD1ADA9F2B637C9300175CCB /* Sources */,
				AD1ADAA02B637C9300175CCB /* Frameworks */,
				AD1ADAA12B637C9300175CCB /* Resources */,
			);
			buildRules = (
			);
			dependencies = (
			);
			name = Habit;
			productName = Habit;
			productReference = AD1ADAA32B637C9300175CCB /* Habit.app */;
			productType = "com.apple.product-type.application";
		};
/* End PBXNativeTarget section */

/* Begin PBXProject section */
		AD1ADA9B2B637C9300175CCB /* Project object */ = {
			isa = PBXProject;
			attributes = {
				BuildIndependentTargetsInParallel = 1;
				LastSwiftUpdateCheck = 1520;
				LastUpgradeCheck = 1520;
				TargetAttributes = {
					AD1ADAA22B637C9300175CCB = {
						CreatedOnToolsVersion = 15.2;
					};
				};
			};
			buildConfigurationList = AD1ADA9E2B637C9300175CCB /* Build configuration list for PBXProject "Habit" */;
			compatibilityVersion = "Xcode 14.0";
			developmentRegion = en;
			hasScannedForEncodings = 0;
			knownRegions = (
				en,
				Base,
			);
			mainGroup = AD1ADA9A2B637C9300175CCB;
			productRefGroup = AD1ADAA42B637C9300175CCB /* Products */;
			projectDirPath = "";
			projectRoot = "";
			targets = (
				AD1ADAA22B637C9300175CCB /* Habit */,
			);
		};
/* End PBXProject section */

/* Begin PBXResourcesBuildPhase section */
		AD1ADAA12B637C9300175CCB /* Resources */ = {
			isa = PBXResourcesBuildPhase;
			buildActionMask = 2147483647;
			files = (
				AD1ADAAE2B637C9400175CCB /* Preview Assets.xcassets in Resources */,
				AD1ADAAB2B637C9400175CCB /* Assets.xcassets in Resources */,
			);
			runOnlyForDeploymentPostprocessing = 0;
		};
/* End PBXResourcesBuildPhase section */

/* Begin PBXSourcesBuildPhase section */
		AD1ADA9F2B637C9300175CCB /* Sources */ = {
			isa = PBXSourcesBuildPhase;
			buildActionMask = 2147483647;
			files = (
				AD30FA342B68937A00A003F2 /* SplashViewRouter.swift in Sources */,
				AD9A0C5A2B9179010083F907 /* WebServices.swift in Sources */,
				ADE2CFF12BA819640041E537 /* AppError.swift in Sources */,
				ADD632612B89CCC200B9F685 /* LoadingButtonView.swift in Sources */,
				AD568BF12BA822BD0005B0BD /* SignUpRemoteDataSource.swift in Sources */,
				AD30FA302B68912500A003F2 /* SignInView.swift in Sources */,
				AD30FA3D2B68962B00A003F2 /* SignUpViewModel.swift in Sources */,
				AD2823AC2B93C8EA004AC8F3 /* SignUpRequest.swift in Sources */,
				ADE976012B96B1F500FA2D36 /* SignInRequest.swift in Sources */,
				ADE2CFEF2BA814BA0041E537 /* SignInRemoteDataSource.swift in Sources */,
				AD30FA322B68913F00A003F2 /* SignInViewModel.swift in Sources */,
				AD1ADABA2B63801F00175CCB /* SplashUIState.swift in Sources */,
				ADD68F8E2B8F105200CCAB1E /* createImageIcon.swift in Sources */,
				AD30FA432B68A5B300A003F2 /* HomeView.swift in Sources */,
				AD63F19B2B787A0E00EE97A7 /* SignUpUIState.swift in Sources */,
				ADE2CFED2BA812AA0041E537 /* SignInInteractor.swift in Sources */,
				AD1ADAA72B637C9300175CCB /* HabitApp.swift in Sources */,
				AD3AA9672B8875560054A06A /* SignInViewStateValidate.swift in Sources */,
				AD30FA452B68A5E200A003F2 /* HomeViewModel.swift in Sources */,
				AD3AA96B2B8879070054A06A /* SignUpViewStateValidate.swift in Sources */,
				AD1ADAB82B637DF400175CCB /* SplashView.swift in Sources */,
				AD86ADE02B9821210090D72C /* SignUpResponse.swift in Sources */,
				AD77D1862B662212002FDADF /* SplashViewModel.swift in Sources */,
				ADC8BC782B75FA5700E97817 /* Gender.swift in Sources */,
				AD3AA9652B88728F0054A06A /* EditFieldView.swift in Sources */,
				AD568BEF2BA822AB0005B0BD /* SignUpInteractor.swift in Sources */,
				AD65AD562B8BF9E400A9BC3D /* EditFieldStyle.swift in Sources */,
				AD30FA3B2B6895E400A003F2 /* SignUpView.swift in Sources */,
				ADAF0EF62B7353F400E582E1 /* SignInViewRouter.swift in Sources */,
				ADF53C652B9ACE8700A5A157 /* SignInResponse.swift in Sources */,
				AD30FA2E2B6890E900A003F2 /* SignInUIState.swift in Sources */,
				AD86ADE22B9824D50090D72C /* ErrorResponse.swift in Sources */,
			);
			runOnlyForDeploymentPostprocessing = 0;
		};
/* End PBXSourcesBuildPhase section */

/* Begin XCBuildConfiguration section */
		AD1ADAAF2B637C9400175CCB /* Debug */ = {
			isa = XCBuildConfiguration;
			buildSettings = {
				ALWAYS_SEARCH_USER_PATHS = NO;
				ASSETCATALOG_COMPILER_GENERATE_SWIFT_ASSET_SYMBOL_EXTENSIONS = YES;
				CLANG_ANALYZER_NONNULL = YES;
				CLANG_ANALYZER_NUMBER_OBJECT_CONVERSION = YES_AGGRESSIVE;
				CLANG_CXX_LANGUAGE_STANDARD = "gnu++20";
				CLANG_ENABLE_MODULES = YES;
				CLANG_ENABLE_OBJC_ARC = YES;
				CLANG_ENABLE_OBJC_WEAK = YES;
				CLANG_WARN_BLOCK_CAPTURE_AUTORELEASING = YES;
				CLANG_WARN_BOOL_CONVERSION = YES;
				CLANG_WARN_COMMA = YES;
				CLANG_WARN_CONSTANT_CONVERSION = YES;
				CLANG_WARN_DEPRECATED_OBJC_IMPLEMENTATIONS = YES;
				CLANG_WARN_DIRECT_OBJC_ISA_USAGE = YES_ERROR;
				CLANG_WARN_DOCUMENTATION_COMMENTS = YES;
				CLANG_WARN_EMPTY_BODY = YES;
				CLANG_WARN_ENUM_CONVERSION = YES;
				CLANG_WARN_INFINITE_RECURSION = YES;
				CLANG_WARN_INT_CONVERSION = YES;
				CLANG_WARN_NON_LITERAL_NULL_CONVERSION = YES;
				CLANG_WARN_OBJC_IMPLICIT_RETAIN_SELF = YES;
				CLANG_WARN_OBJC_LITERAL_CONVERSION = YES;
				CLANG_WARN_OBJC_ROOT_CLASS = YES_ERROR;
				CLANG_WARN_QUOTED_INCLUDE_IN_FRAMEWORK_HEADER = YES;
				CLANG_WARN_RANGE_LOOP_ANALYSIS = YES;
				CLANG_WARN_STRICT_PROTOTYPES = YES;
				CLANG_WARN_SUSPICIOUS_MOVE = YES;
				CLANG_WARN_UNGUARDED_AVAILABILITY = YES_AGGRESSIVE;
				CLANG_WARN_UNREACHABLE_CODE = YES;
				CLANG_WARN__DUPLICATE_METHOD_MATCH = YES;
				COPY_PHASE_STRIP = NO;
				DEBUG_INFORMATION_FORMAT = dwarf;
				ENABLE_STRICT_OBJC_MSGSEND = YES;
				ENABLE_TESTABILITY = YES;
				ENABLE_USER_SCRIPT_SANDBOXING = YES;
				GCC_C_LANGUAGE_STANDARD = gnu17;
				GCC_DYNAMIC_NO_PIC = NO;
				GCC_NO_COMMON_BLOCKS = YES;
				GCC_OPTIMIZATION_LEVEL = 0;
				GCC_PREPROCESSOR_DEFINITIONS = (
					"DEBUG=1",
					"$(inherited)",
				);
				GCC_WARN_64_TO_32_BIT_CONVERSION = YES;
				GCC_WARN_ABOUT_RETURN_TYPE = YES_ERROR;
				GCC_WARN_UNDECLARED_SELECTOR = YES;
				GCC_WARN_UNINITIALIZED_AUTOS = YES_AGGRESSIVE;
				GCC_WARN_UNUSED_FUNCTION = YES;
				GCC_WARN_UNUSED_VARIABLE = YES;
				IPHONEOS_DEPLOYMENT_TARGET = 16.6;
				LOCALIZATION_PREFERS_STRING_CATALOGS = YES;
				MTL_ENABLE_DEBUG_INFO = INCLUDE_SOURCE;
				MTL_FAST_MATH = YES;
				ONLY_ACTIVE_ARCH = YES;
				SDKROOT = iphoneos;
				SWIFT_ACTIVE_COMPILATION_CONDITIONS = "DEBUG $(inherited)";
				SWIFT_OPTIMIZATION_LEVEL = "-Onone";
			};
			name = Debug;
		};
		AD1ADAB02B637C9400175CCB /* Release */ = {
			isa = XCBuildConfiguration;
			buildSettings = {
				ALWAYS_SEARCH_USER_PATHS = NO;
				ASSETCATALOG_COMPILER_GENERATE_SWIFT_ASSET_SYMBOL_EXTENSIONS = YES;
				CLANG_ANALYZER_NONNULL = YES;
				CLANG_ANALYZER_NUMBER_OBJECT_CONVERSION = YES_AGGRESSIVE;
				CLANG_CXX_LANGUAGE_STANDARD = "gnu++20";
				CLANG_ENABLE_MODULES = YES;
				CLANG_ENABLE_OBJC_ARC = YES;
				CLANG_ENABLE_OBJC_WEAK = YES;
				CLANG_WARN_BLOCK_CAPTURE_AUTORELEASING = YES;
				CLANG_WARN_BOOL_CONVERSION = YES;
				CLANG_WARN_COMMA = YES;
				CLANG_WARN_CONSTANT_CONVERSION = YES;
				CLANG_WARN_DEPRECATED_OBJC_IMPLEMENTATIONS = YES;
				CLANG_WARN_DIRECT_OBJC_ISA_USAGE = YES_ERROR;
				CLANG_WARN_DOCUMENTATION_COMMENTS = YES;
				CLANG_WARN_EMPTY_BODY = YES;
				CLANG_WARN_ENUM_CONVERSION = YES;
				CLANG_WARN_INFINITE_RECURSION = YES;
				CLANG_WARN_INT_CONVERSION = YES;
				CLANG_WARN_NON_LITERAL_NULL_CONVERSION = YES;
				CLANG_WARN_OBJC_IMPLICIT_RETAIN_SELF = YES;
				CLANG_WARN_OBJC_LITERAL_CONVERSION = YES;
				CLANG_WARN_OBJC_ROOT_CLASS = YES_ERROR;
				CLANG_WARN_QUOTED_INCLUDE_IN_FRAMEWORK_HEADER = YES;
				CLANG_WARN_RANGE_LOOP_ANALYSIS = YES;
				CLANG_WARN_STRICT_PROTOTYPES = YES;
				CLANG_WARN_SUSPICIOUS_MOVE = YES;
				CLANG_WARN_UNGUARDED_AVAILABILITY = YES_AGGRESSIVE;
				CLANG_WARN_UNREACHABLE_CODE = YES;
				CLANG_WARN__DUPLICATE_METHOD_MATCH = YES;
				COPY_PHASE_STRIP = NO;
				DEBUG_INFORMATION_FORMAT = "dwarf-with-dsym";
				ENABLE_NS_ASSERTIONS = NO;
				ENABLE_STRICT_OBJC_MSGSEND = YES;
				ENABLE_USER_SCRIPT_SANDBOXING = YES;
				GCC_C_LANGUAGE_STANDARD = gnu17;
				GCC_NO_COMMON_BLOCKS = YES;
				GCC_WARN_64_TO_32_BIT_CONVERSION = YES;
				GCC_WARN_ABOUT_RETURN_TYPE = YES_ERROR;
				GCC_WARN_UNDECLARED_SELECTOR = YES;
				GCC_WARN_UNINITIALIZED_AUTOS = YES_AGGRESSIVE;
				GCC_WARN_UNUSED_FUNCTION = YES;
				GCC_WARN_UNUSED_VARIABLE = YES;
				IPHONEOS_DEPLOYMENT_TARGET = 16.6;
				LOCALIZATION_PREFERS_STRING_CATALOGS = YES;
				MTL_ENABLE_DEBUG_INFO = NO;
				MTL_FAST_MATH = YES;
				SDKROOT = iphoneos;
				SWIFT_COMPILATION_MODE = wholemodule;
				VALIDATE_PRODUCT = YES;
			};
			name = Release;
		};
		AD1ADAB22B637C9400175CCB /* Debug */ = {
			isa = XCBuildConfiguration;
			buildSettings = {
				ASSETCATALOG_COMPILER_APPICON_NAME = AppIcon;
				ASSETCATALOG_COMPILER_GLOBAL_ACCENT_COLOR_NAME = AccentColor;
				CODE_SIGN_STYLE = Automatic;
				CURRENT_PROJECT_VERSION = 1;
				DEVELOPMENT_ASSET_PATHS = "\"Habit/Preview Content\"";
				DEVELOPMENT_TEAM = TWX5RS4UTJ;
				ENABLE_PREVIEWS = YES;
				GENERATE_INFOPLIST_FILE = YES;
				INFOPLIST_KEY_LSApplicationCategoryType = "public.app-category.productivity";
				INFOPLIST_KEY_UIApplicationSceneManifest_Generation = YES;
				INFOPLIST_KEY_UIApplicationSupportsIndirectInputEvents = YES;
				INFOPLIST_KEY_UILaunchScreen_Generation = YES;
				INFOPLIST_KEY_UISupportedInterfaceOrientations_iPad = "UIInterfaceOrientationPortrait UIInterfaceOrientationPortraitUpsideDown UIInterfaceOrientationLandscapeLeft UIInterfaceOrientationLandscapeRight";
				INFOPLIST_KEY_UISupportedInterfaceOrientations_iPhone = "UIInterfaceOrientationPortrait UIInterfaceOrientationLandscapeLeft UIInterfaceOrientationLandscapeRight";
				INFOPLIST_KEY_UIUserInterfaceStyle = Light;
				IPHONEOS_DEPLOYMENT_TARGET = 16.6;
				LD_RUNPATH_SEARCH_PATHS = (
					"$(inherited)",
					"@executable_path/Frameworks",
				);
				MARKETING_VERSION = 1.0;
				PRODUCT_BUNDLE_IDENTIFIER = com.gcg.Habit;
				PRODUCT_NAME = "$(TARGET_NAME)";
				SWIFT_EMIT_LOC_STRINGS = YES;
				SWIFT_VERSION = 5.0;
				TARGETED_DEVICE_FAMILY = "1,2";
			};
			name = Debug;
		};
		AD1ADAB32B637C9400175CCB /* Release */ = {
			isa = XCBuildConfiguration;
			buildSettings = {
				ASSETCATALOG_COMPILER_APPICON_NAME = AppIcon;
				ASSETCATALOG_COMPILER_GLOBAL_ACCENT_COLOR_NAME = AccentColor;
				CODE_SIGN_STYLE = Automatic;
				CURRENT_PROJECT_VERSION = 1;
				DEVELOPMENT_ASSET_PATHS = "\"Habit/Preview Content\"";
				DEVELOPMENT_TEAM = TWX5RS4UTJ;
				ENABLE_PREVIEWS = YES;
				GENERATE_INFOPLIST_FILE = YES;
				INFOPLIST_KEY_LSApplicationCategoryType = "public.app-category.productivity";
				INFOPLIST_KEY_UIApplicationSceneManifest_Generation = YES;
				INFOPLIST_KEY_UIApplicationSupportsIndirectInputEvents = YES;
				INFOPLIST_KEY_UILaunchScreen_Generation = YES;
				INFOPLIST_KEY_UISupportedInterfaceOrientations_iPad = "UIInterfaceOrientationPortrait UIInterfaceOrientationPortraitUpsideDown UIInterfaceOrientationLandscapeLeft UIInterfaceOrientationLandscapeRight";
				INFOPLIST_KEY_UISupportedInterfaceOrientations_iPhone = "UIInterfaceOrientationPortrait UIInterfaceOrientationLandscapeLeft UIInterfaceOrientationLandscapeRight";
				INFOPLIST_KEY_UIUserInterfaceStyle = Light;
				IPHONEOS_DEPLOYMENT_TARGET = 16.6;
				LD_RUNPATH_SEARCH_PATHS = (
					"$(inherited)",
					"@executable_path/Frameworks",
				);
				MARKETING_VERSION = 1.0;
				PRODUCT_BUNDLE_IDENTIFIER = com.gcg.Habit;
				PRODUCT_NAME = "$(TARGET_NAME)";
				SWIFT_EMIT_LOC_STRINGS = YES;
				SWIFT_VERSION = 5.0;
				TARGETED_DEVICE_FAMILY = "1,2";
			};
			name = Release;
		};
/* End XCBuildConfiguration section */

/* Begin XCConfigurationList section */
		AD1ADA9E2B637C9300175CCB /* Build configuration list for PBXProject "Habit" */ = {
			isa = XCConfigurationList;
			buildConfigurations = (
				AD1ADAAF2B637C9400175CCB /* Debug */,
				AD1ADAB02B637C9400175CCB /* Release */,
			);
			defaultConfigurationIsVisible = 0;
			defaultConfigurationName = Release;
		};
		AD1ADAB12B637C9400175CCB /* Build configuration list for PBXNativeTarget "Habit" */ = {
			isa = XCConfigurationList;
			buildConfigurations = (
				AD1ADAB22B637C9400175CCB /* Debug */,
				AD1ADAB32B637C9400175CCB /* Release */,
			);
			defaultConfigurationIsVisible = 0;
			defaultConfigurationName = Release;
		};
/* End XCConfigurationList section */
	};
	rootObject = AD1ADA9B2B637C9300175CCB /* Project object */;
}
